
Microsoft Visual Studio Solution File, Format Version 12.00
# Visual Studio Version 16
VisualStudioVersion = 16.0.33529.622
MinimumVisualStudioVersion = 10.0.40219.1
Project("{9092AA53-FB77-4645-B42D-1CCCA6BD08BD}") = "test", "test.njsproj", "{69EAB0E6-F85A-470F-A83F-C0F617B7558E}"
EndProject
Global
	GlobalSection(SolutionConfigurationPlatforms) = preSolution
		Debug|Any CPU = Debug|Any CPU
		Release|Any CPU = Release|Any CPU
	EndGlobalSection
	GlobalSection(ProjectConfigurationPlatforms) = postSolution
		{69EAB0E6-F85A-470F-A83F-C0F617B7558E}.Debug|Any CPU.ActiveCfg = Debug|Any CPU
		{69EAB0E6-F85A-470F-A83F-C0F617B7558E}.Debug|Any CPU.Build.0 = Debug|Any CPU
		{69EAB0E6-F85A-470F-A83F-C0F617B7558E}.Release|Any CPU.ActiveCfg = Release|Any CPU
		{69EAB0E6-F85A-470F-A83F-C0F617B7558E}.Release|Any CPU.Build.0 = Release|Any CPU
	EndGlobalSection
	GlobalSection(SolutionProperties) = preSolution
		HideSolutionNode = FALSE
	EndGlobalSection
	GlobalSection(ExtensibilityGlobals) = postSolution
		SolutionGuid = {B4E31F52-FB7E-4A14-9C4D-ADBDEBC21653}
	EndGlobalSection
EndGlobal
